{
  "object": {
    "pins": [
      {
        "package": "swift-log",
        "repositoryURL": "https://github.com/apple/swift-log",
        "state": {
          "branch": null,
          "revision": "5d66f7ba25daf4f94100e7022febf3c75e37a6c7",
          "version": "1.4.2"
        }
      },
      {
        "package": "swift-nio",
        "repositoryURL": "https://github.com/apple/swift-nio",
        "state": {
          "branch": null,
          "revision": "154f1d32366449dcccf6375a173adf4ed2a74429",
          "version": "2.38.0"
        }
      }
    ]
  },
  "version": 1
}
