{
  "object": {
    "pins": [
      {
        "package": "swift-log",
        "repositoryURL": "https://github.com/apple/swift-log.git",
        "state": {
          "branch": null,
          "revision": "5d66f7ba25daf4f94100e7022febf3c75e37a6c7",
          "version": "1.4.2"
        }
      },
      {
        "package": "swift-nio",
        "repositoryURL": "https://github.com/apple/swift-nio.git",
        "state": {
          "branch": null,
          "revision": "6aa9347d9bc5bbfe6a84983aec955c17ffea96ef",
          "version": "2.33.0"
        }
      },
      {
        "package": "SwiftProtobuf",
        "repositoryURL": "https://github.com/apple/swift-protobuf.git",
        "state": {
          "branch": null,
          "revision": "7e2c5f3cbbeea68e004915e3a8961e20bd11d824",
          "version": "1.18.0"
        }
      }
    ]
  },
  "version": 1
}
